[[package]]
name = "prettytable"
version = "3.5.0"
description = "A simple Python library for easily displaying tabular data in a visually appealing ASCII table format"
category = "main"
optional = false
python-versions = ">=3.7"

[package.dependencies]
wcwidth = "*"

[package.extras]
tests = ["pytest", "pytest-cov", "pytest-lazy-fixture"]

[[package]]
name = "wcwidth"
version = "0.2.5"
description = "Measures the displayed width of unicode strings in a terminal"
category = "main"
optional = false
python-versions = "*"

[metadata]
lock-version = "1.1"
python-versions = "^3.9"
content-hash = "fb736313b03f79d4c8def5e8dd388f2e6fd2768718766b0d040578a7a6b6c8ab"

[metadata.files]
prettytable = [
    {file = "prettytable-3.5.0-py3-none-any.whl", hash = "sha256:fe391c3b545800028edf5dbb6a5360893feb398367fcc1cf8d7a5b29ce5c59a1"},
    {file = "prettytable-3.5.0.tar.gz", hash = "sha256:52f682ba4efe29dccb38ff0fe5bac8a23007d0780ff92a8b85af64bc4fc74d72"},
]
wcwidth = [
    {file = "wcwidth-0.2.5-py2.py3-none-any.whl", hash = "sha256:beb4802a9cebb9144e99086eff703a642a13d6a0052920003a230f3294bbe784"},
    {file = "wcwidth-0.2.5.tar.gz", hash = "sha256:c4d647b99872929fdb7bdcaa4fbe7f01413ed3d98077df798530e5b04f116c83"},
]
